
Microsoft Visual Studio Solution File, Format Version 12.00
# Visual Studio Version 17
VisualStudioVersion = 17.0.32002.185
MinimumVisualStudioVersion = 10.0.40219.1
Project("{FAE04EC0-301F-11D3-BF4B-00C04F79EFBC}") = "Media", "Media.csproj", "{11B0ECEB-B90F-4C02-8104-99EEA2F586AF}"
EndProject
Global
	GlobalSection(SolutionConfigurationPlatforms) = preSolution
		Debug|Any CPU = Debug|Any CPU
		Release|Any CPU = Release|Any CPU
	EndGlobalSection
	GlobalSection(ProjectConfigurationPlatforms) = postSolution
		{11B0ECEB-B90F-4C02-8104-99EEA2F586AF}.Debug|Any CPU.ActiveCfg = Debug|Any CPU
		{11B0ECEB-B90F-4C02-8104-99EEA2F586AF}.Debug|Any CPU.Build.0 = Debug|Any CPU
		{11B0ECEB-B90F-4C02-8104-99EEA2F586AF}.Release|Any CPU.ActiveCfg = Release|Any CPU
		{11B0ECEB-B90F-4C02-8104-99EEA2F586AF}.Release|Any CPU.Build.0 = Release|Any CPU
	EndGlobalSection
	GlobalSection(SolutionProperties) = preSolution
		HideSolutionNode = FALSE
	EndGlobalSection
	GlobalSection(ExtensibilityGlobals) = postSolution
		SolutionGuid = {220FF638-64AB-460E-8E19-65310084921C}
	EndGlobalSection
EndGlobal
